PODS:
  - BlocksKit (2.2.5):
    - BlocksKit/All (= 2.2.5)
  - BlocksKit/All (2.2.5):
    - BlocksKit/Core
    - BlocksKit/DynamicDelegate
    - BlocksKit/MessageUI
    - BlocksKit/UIKit
  - BlocksKit/Core (2.2.5)
  - BlocksKit/DynamicDelegate (2.2.5)
  - BlocksKit/MessageUI (2.2.5):
    - BlocksKit/Core
    - BlocksKit/DynamicDelegate
  - BlocksKit/UIKit (2.2.5):
    - BlocksKit/Core
    - BlocksKit/DynamicDelegate
  - Masonry (1.1.0)
  - SVProgressHUD (2.2.5)

DEPENDENCIES:
  - BlocksKit (~> 2.2.5)
  - Masonry
  - SVProgressHUD

SPEC REPOS:
  https://github.com/cocoapods/specs.git:
    - BlocksKit
    - Masonry
    - SVProgressHUD

SPEC CHECKSUMS:
  BlocksKit: 7f422b971407001178d181a43b99014ea2591fe6
  Masonry: 678fab65091a9290e40e2832a55e7ab731aad201
  SVProgressHUD: 1428aafac632c1f86f62aa4243ec12008d7a51d6

PODFILE CHECKSUM: 097a7bd3b0138cc0e3ebf6f6ea172667e01e06f7

COCOAPODS: 1.5.3
