// !$*UTF8*$!
{
	archiveVersion = 1;
	classes = {
	};
	objectVersion = 50;
	objects = {

/* Begin PBXBuildFile section */
		7AED29DB225CAFFA0032C675 /* AppDelegate.m in Sources */ = {isa = PBXBuildFile; fileRef = 7AED29DA225CAFFA0032C675 /* AppDelegate.m */; };
		7AED29DE225CAFFA0032C675 /* ViewController.m in Sources */ = {isa = PBXBuildFile; fileRef = 7AED29DD225CAFFA0032C675 /* ViewController.m */; };
		7AED29E1225CAFFA0032C675 /* Main.storyboard in Resources */ = {isa = PBXBuildFile; fileRef = 7AED29DF225CAFFA0032C675 /* Main.storyboard */; };
		7AED29E3225CAFFB0032C675 /* Assets.xcassets in Resources */ = {isa = PBXBuildFile; fileRef = 7AED29E2225CAFFB0032C675 /* Assets.xcassets */; };
		7AED29E6225CAFFB0032C675 /* LaunchScreen.storyboard in Resources */ = {isa = PBXBuildFile; fileRef = 7AED29E4225CAFFB0032C675 /* LaunchScreen.storyboard */; };
		7AED29E9225CAFFB0032C675 /* main.m in Sources */ = {isa = PBXBuildFile; fileRef = 7AED29E8225CAFFB0032C675 /* main.m */; };
		7AED29F3225CB0210032C675 /* DetailController.m in Sources */ = {isa = PBXBuildFile; fileRef = 7AED29EF225CB0210032C675 /* DetailController.m */; };
		7AED29F4225CB0210032C675 /* ZJHttpManager.m in Sources */ = {isa = PBXBuildFile; fileRef = 7AED29F1225CB0210032C675 /* ZJHttpManager.m */; };
/* End PBXBuildFile section */

/* Begin PBXFileReference section */
		7AED29D6225CAFFA0032C675 /* CircularDemo.app */ = {isa = PBXFileReference; explicitFileType = wrapper.application; includeInIndex = 0; path = CircularDemo.app; sourceTree = BUILT_PRODUCTS_DIR; };
		7AED29D9225CAFFA0032C675 /* AppDelegate.h */ = {isa = PBXFileReference; lastKnownFileType = sourcecode.c.h; path = AppDelegate.h; sourceTree = "<group>"; };
		7AED29DA225CAFFA0032C675 /* AppDelegate.m */ = {isa = PBXFileReference; lastKnownFileType = sourcecode.c.objc; path = AppDelegate.m; sourceTree = "<group>"; };
		7AED29DC225CAFFA0032C675 /* ViewController.h */ = {isa = PBXFileReference; lastKnownFileType = sourcecode.c.h; path = ViewController.h; sourceTree = "<group>"; };
		7AED29DD225CAFFA0032C675 /* ViewController.m */ = {isa = PBXFileReference; lastKnownFileType = sourcecode.c.objc; path = ViewController.m; sourceTree = "<group>"; };
		7AED29E0225CAFFA0032C675 /* Base */ = {isa = PBXFileReference; lastKnownFileType = file.storyboard; name = Base; path = Base.lproj/Main.storyboard; sourceTree = "<group>"; };
		7AED29E2225CAFFB0032C675 /* Assets.xcassets */ = {isa = PBXFileReference; lastKnownFileType = folder.assetcatalog; path = Assets.xcassets; sourceTree = "<group>"; };
		7AED29E5225CAFFB0032C675 /* Base */ = {isa = PBXFileReference; lastKnownFileType = file.storyboard; name = Base; path = Base.lproj/LaunchScreen.storyboard; sourceTree = "<group>"; };
		7AED29E7225CAFFB0032C675 /* Info.plist */ = {isa = PBXFileReference; lastKnownFileType = text.plist.xml; path = Info.plist; sourceTree = "<group>"; };
		7AED29E8225CAFFB0032C675 /* main.m */ = {isa = PBXFileReference; lastKnownFileType = sourcecode.c.objc; path = main.m; sourceTree = "<group>"; };
		7AED29EF225CB0210032C675 /* DetailController.m */ = {isa = PBXFileReference; fileEncoding = 4; lastKnownFileType = sourcecode.c.objc; path = DetailController.m; sourceTree = "<group>"; };
		7AED29F0225CB0210032C675 /* ZJHttpManager.h */ = {isa = PBXFileReference; fileEncoding = 4; lastKnownFileType = sourcecode.c.h; path = ZJHttpManager.h; sourceTree = "<group>"; };
		7AED29F1225CB0210032C675 /* ZJHttpManager.m */ = {isa = PBXFileReference; fileEncoding = 4; lastKnownFileType = sourcecode.c.objc; path = ZJHttpManager.m; sourceTree = "<group>"; };
		7AED29F2225CB0210032C675 /* DetailController.h */ = {isa = PBXFileReference; fileEncoding = 4; lastKnownFileType = sourcecode.c.h; path = DetailController.h; sourceTree = "<group>"; };
/* End PBXFileReference section */

/* Begin PBXFrameworksBuildPhase section */
		7AED29D3225CAFFA0032C675 /* Frameworks */ = {
			isa = PBXFrameworksBuildPhase;
			buildActionMask = 2147483647;
			files = (
			);
			runOnlyForDeploymentPostprocessing = 0;
		};
/* End PBXFrameworksBuildPhase section */

/* Begin PBXGroup section */
		7AED29CD225CAFF90032C675 = {
			isa = PBXGroup;
			children = (
				7AED29D8225CAFFA0032C675 /* CircularDemo */,
				7AED29D7225CAFFA0032C675 /* Products */,
			);
			sourceTree = "<group>";
		};
		7AED29D7225CAFFA0032C675 /* Products */ = {
			isa = PBXGroup;
			children = (
				7AED29D6225CAFFA0032C675 /* CircularDemo.app */,
			);
			name = Products;
			sourceTree = "<group>";
		};
		7AED29D8225CAFFA0032C675 /* CircularDemo */ = {
			isa = PBXGroup;
			children = (
				7AED29D9225CAFFA0032C675 /* AppDelegate.h */,
				7AED29DA225CAFFA0032C675 /* AppDelegate.m */,
				7AED29DC225CAFFA0032C675 /* ViewController.h */,
				7AED29DD225CAFFA0032C675 /* ViewController.m */,
				7AED29F2225CB0210032C675 /* DetailController.h */,
				7AED29EF225CB0210032C675 /* DetailController.m */,
				7AED29F0225CB0210032C675 /* ZJHttpManager.h */,
				7AED29F1225CB0210032C675 /* ZJHttpManager.m */,
				7AED29DF225CAFFA0032C675 /* Main.storyboard */,
				7AED29E2225CAFFB0032C675 /* Assets.xcassets */,
				7AED29E4225CAFFB0032C675 /* LaunchScreen.storyboard */,
				7AED29E7225CAFFB0032C675 /* Info.plist */,
				7AED29E8225CAFFB0032C675 /* main.m */,
			);
			path = CircularDemo;
			sourceTree = "<group>";
		};
/* End PBXGroup section */

/* Begin PBXNativeTarget section */
		7AED29D5225CAFFA0032C675 /* CircularDemo */ = {
			isa = PBXNativeTarget;
			buildConfigurationList = 7AED29EC225CAFFB0032C675 /* Build configuration list for PBXNativeTarget "CircularDemo" */;
			buildPhases = (
				7AED29D2225CAFFA0032C675 /* Sources */,
				7AED29D3225CAFFA0032C675 /* Frameworks */,
				7AED29D4225CAFFA0032C675 /* Resources */,
			);
			buildRules = (
			);
			dependencies = (
			);
			name = CircularDemo;
			productName = CircularDemo;
			productReference = 7AED29D6225CAFFA0032C675 /* CircularDemo.app */;
			productType = "com.apple.product-type.application";
		};
/* End PBXNativeTarget section */

/* Begin PBXProject section */
		7AED29CE225CAFF90032C675 /* Project object */ = {
			isa = PBXProject;
			attributes = {
				LastUpgradeCheck = 1020;
				ORGANIZATIONNAME = zsw;
				TargetAttributes = {
					7AED29D5225CAFFA0032C675 = {
						CreatedOnToolsVersion = 10.2;
					};
				};
			};
			buildConfigurationList = 7AED29D1225CAFF90032C675 /* Build configuration list for PBXProject "CircularDemo" */;
			compatibilityVersion = "Xcode 9.3";
			developmentRegion = en;
			hasScannedForEncodings = 0;
			knownRegions = (
				en,
				Base,
			);
			mainGroup = 7AED29CD225CAFF90032C675;
			productRefGroup = 7AED29D7225CAFFA0032C675 /* Products */;
			projectDirPath = "";
			projectRoot = "";
			targets = (
				7AED29D5225CAFFA0032C675 /* CircularDemo */,
			);
		};
/* End PBXProject section */

/* Begin PBXResourcesBuildPhase section */
		7AED29D4225CAFFA0032C675 /* Resources */ = {
			isa = PBXResourcesBuildPhase;
			buildActionMask = 2147483647;
			files = (
				7AED29E6225CAFFB0032C675 /* LaunchScreen.storyboard in Resources */,
				7AED29E3225CAFFB0032C675 /* Assets.xcassets in Resources */,
				7AED29E1225CAFFA0032C675 /* Main.storyboard in Resources */,
			);
			runOnlyForDeploymentPostprocessing = 0;
		};
/* End PBXResourcesBuildPhase section */

/* Begin PBXSourcesBuildPhase section */
		7AED29D2225CAFFA0032C675 /* Sources */ = {
			isa = PBXSourcesBuildPhase;
			buildActionMask = 2147483647;
			files = (
				7AED29F3225CB0210032C675 /* DetailController.m in Sources */,
				7AED29DE225CAFFA0032C675 /* ViewController.m in Sources */,
				7AED29F4225CB0210032C675 /* ZJHttpManager.m in Sources */,
				7AED29E9225CAFFB0032C675 /* main.m in Sources */,
				7AED29DB225CAFFA0032C675 /* AppDelegate.m in Sources */,
			);
			runOnlyForDeploymentPostprocessing = 0;
		};
/* End PBXSourcesBuildPhase section */

/* Begin PBXVariantGroup section */
		7AED29DF225CAFFA0032C675 /* Main.storyboard */ = {
			isa = PBXVariantGroup;
			children = (
				7AED29E0225CAFFA0032C675 /* Base */,
			);
			name = Main.storyboard;
			sourceTree = "<group>";
		};
		7AED29E4225CAFFB0032C675 /* LaunchScreen.storyboard */ = {
			isa = PBXVariantGroup;
			children = (
				7AED29E5225CAFFB0032C675 /* Base */,
			);
			name = LaunchScreen.storyboard;
			sourceTree = "<group>";
		};
/* End PBXVariantGroup section */

/* Begin XCBuildConfiguration section */
		7AED29EA225CAFFB0032C675 /* Debug */ = {
			isa = XCBuildConfiguration;
			buildSettings = {
				ALWAYS_SEARCH_USER_PATHS = NO;
				CLANG_ANALYZER_NONNULL = YES;
				CLANG_ANALYZER_NUMBER_OBJECT_CONVERSION = YES_AGGRESSIVE;
				CLANG_CXX_LANGUAGE_STANDARD = "gnu++14";
				CLANG_CXX_LIBRARY = "libc++";
				CLANG_ENABLE_MODULES = YES;
				CLANG_ENABLE_OBJC_ARC = YES;
				CLANG_ENABLE_OBJC_WEAK = YES;
				CLANG_WARN_BLOCK_CAPTURE_AUTORELEASING = YES;
				CLANG_WARN_BOOL_CONVERSION = YES;
				CLANG_WARN_COMMA = YES;
				CLANG_WARN_CONSTANT_CONVERSION = YES;
				CLANG_WARN_DEPRECATED_OBJC_IMPLEMENTATIONS = YES;
				CLANG_WARN_DIRECT_OBJC_ISA_USAGE = YES_ERROR;
				CLANG_WARN_DOCUMENTATION_COMMENTS = YES;
				CLANG_WARN_EMPTY_BODY = YES;
				CLANG_WARN_ENUM_CONVERSION = YES;
				CLANG_WARN_INFINITE_RECURSION = YES;
				CLANG_WARN_INT_CONVERSION = YES;
				CLANG_WARN_NON_LITERAL_NULL_CONVERSION = YES;
				CLANG_WARN_OBJC_IMPLICIT_RETAIN_SELF = YES;
				CLANG_WARN_OBJC_LITERAL_CONVERSION = YES;
				CLANG_WARN_OBJC_ROOT_CLASS = YES_ERROR;
				CLANG_WARN_RANGE_LOOP_ANALYSIS = YES;
				CLANG_WARN_STRICT_PROTOTYPES = YES;
				CLANG_WARN_SUSPICIOUS_MOVE = YES;
				CLANG_WARN_UNGUARDED_AVAILABILITY = YES_AGGRESSIVE;
				CLANG_WARN_UNREACHABLE_CODE = YES;
				CLANG_WARN__DUPLICATE_METHOD_MATCH = YES;
				CODE_SIGN_IDENTITY = "iPhone Developer";
				COPY_PHASE_STRIP = NO;
				DEBUG_INFORMATION_FORMAT = dwarf;
				ENABLE_STRICT_OBJC_MSGSEND = YES;
				ENABLE_TESTABILITY = YES;
				GCC_C_LANGUAGE_STANDARD = gnu11;
				GCC_DYNAMIC_NO_PIC = NO;
				GCC_NO_COMMON_BLOCKS = YES;
				GCC_OPTIMIZATION_LEVEL = 0;
				GCC_PREPROCESSOR_DEFINITIONS = (
					"DEBUG=1",
					"$(inherited)",
				);
				GCC_WARN_64_TO_32_BIT_CONVERSION = YES;
				GCC_WARN_ABOUT_RETURN_TYPE = YES_ERROR;
				GCC_WARN_UNDECLARED_SELECTOR = YES;
				GCC_WARN_UNINITIALIZED_AUTOS = YES_AGGRESSIVE;
				GCC_WARN_UNUSED_FUNCTION = YES;
				GCC_WARN_UNUSED_VARIABLE = YES;
				IPHONEOS_DEPLOYMENT_TARGET = 12.2;
				MTL_ENABLE_DEBUG_INFO = INCLUDE_SOURCE;
				MTL_FAST_MATH = YES;
				ONLY_ACTIVE_ARCH = YES;
				SDKROOT = iphoneos;
			};
			name = Debug;
		};
		7AED29EB225CAFFB0032C675 /* Release */ = {
			isa = XCBuildConfiguration;
			buildSettings = {
				ALWAYS_SEARCH_USER_PATHS = NO;
				CLANG_ANALYZER_NONNULL = YES;
				CLANG_ANALYZER_NUMBER_OBJECT_CONVERSION = YES_AGGRESSIVE;
				CLANG_CXX_LANGUAGE_STANDARD = "gnu++14";
				CLANG_CXX_LIBRARY = "libc++";
				CLANG_ENABLE_MODULES = YES;
				CLANG_ENABLE_OBJC_ARC = YES;
				CLANG_ENABLE_OBJC_WEAK = YES;
				CLANG_WARN_BLOCK_CAPTURE_AUTORELEASING = YES;
				CLANG_WARN_BOOL_CONVERSION = YES;
				CLANG_WARN_COMMA = YES;
				CLANG_WARN_CONSTANT_CONVERSION = YES;
				CLANG_WARN_DEPRECATED_OBJC_IMPLEMENTATIONS = YES;
				CLANG_WARN_DIRECT_OBJC_ISA_USAGE = YES_ERROR;
				CLANG_WARN_DOCUMENTATION_COMMENTS = YES;
				CLANG_WARN_EMPTY_BODY = YES;
				CLANG_WARN_ENUM_CONVERSION = YES;
				CLANG_WARN_INFINITE_RECURSION = YES;
				CLANG_WARN_INT_CONVERSION = YES;
				CLANG_WARN_NON_LITERAL_NULL_CONVERSION = YES;
				CLANG_WARN_OBJC_IMPLICIT_RETAIN_SELF = YES;
				CLANG_WARN_OBJC_LITERAL_CONVERSION = YES;
				CLANG_WARN_OBJC_ROOT_CLASS = YES_ERROR;
				CLANG_WARN_RANGE_LOOP_ANALYSIS = YES;
				CLANG_WARN_STRICT_PROTOTYPES = YES;
				CLANG_WARN_SUSPICIOUS_MOVE = YES;
				CLANG_WARN_UNGUARDED_AVAILABILITY = YES_AGGRESSIVE;
				CLANG_WARN_UNREACHABLE_CODE = YES;
				CLANG_WARN__DUPLICATE_METHOD_MATCH = YES;
				CODE_SIGN_IDENTITY = "iPhone Developer";
				COPY_PHASE_STRIP = NO;
				DEBUG_INFORMATION_FORMAT = "dwarf-with-dsym";
				ENABLE_NS_ASSERTIONS = NO;
				ENABLE_STRICT_OBJC_MSGSEND = YES;
				GCC_C_LANGUAGE_STANDARD = gnu11;
				GCC_NO_COMMON_BLOCKS = YES;
				GCC_WARN_64_TO_32_BIT_CONVERSION = YES;
				GCC_WARN_ABOUT_RETURN_TYPE = YES_ERROR;
				GCC_WARN_UNDECLARED_SELECTOR = YES;
				GCC_WARN_UNINITIALIZED_AUTOS = YES_AGGRESSIVE;
				GCC_WARN_UNUSED_FUNCTION = YES;
				GCC_WARN_UNUSED_VARIABLE = YES;
				IPHONEOS_DEPLOYMENT_TARGET = 12.2;
				MTL_ENABLE_DEBUG_INFO = NO;
				MTL_FAST_MATH = YES;
				SDKROOT = iphoneos;
				VALIDATE_PRODUCT = YES;
			};
			name = Release;
		};
		7AED29ED225CAFFB0032C675 /* Debug */ = {
			isa = XCBuildConfiguration;
			buildSettings = {
				ASSETCATALOG_COMPILER_APPICON_NAME = AppIcon;
				CODE_SIGN_STYLE = Automatic;
				DEVELOPMENT_TEAM = 2FFNFZE3QD;
				INFOPLIST_FILE = CircularDemo/Info.plist;
				IPHONEOS_DEPLOYMENT_TARGET = 8.0;
				LD_RUNPATH_SEARCH_PATHS = (
					"$(inherited)",
					"@executable_path/Frameworks",
				);
				PRODUCT_BUNDLE_IDENTIFIER = "---.CircularDemo";
				PRODUCT_NAME = "$(TARGET_NAME)";
				TARGETED_DEVICE_FAMILY = "1,2";
			};
			name = Debug;
		};
		7AED29EE225CAFFB0032C675 /* Release */ = {
			isa = XCBuildConfiguration;
			buildSettings = {
				ASSETCATALOG_COMPILER_APPICON_NAME = AppIcon;
				CODE_SIGN_STYLE = Automatic;
				DEVELOPMENT_TEAM = 2FFNFZE3QD;
				INFOPLIST_FILE = CircularDemo/Info.plist;
				IPHONEOS_DEPLOYMENT_TARGET = 8.0;
				LD_RUNPATH_SEARCH_PATHS = (
					"$(inherited)",
					"@executable_path/Frameworks",
				);
				PRODUCT_BUNDLE_IDENTIFIER = "---.CircularDemo";
				PRODUCT_NAME = "$(TARGET_NAME)";
				TARGETED_DEVICE_FAMILY = "1,2";
			};
			name = Release;
		};
/* End XCBuildConfiguration section */

/* Begin XCConfigurationList section */
		7AED29D1225CAFF90032C675 /* Build configuration list for PBXProject "CircularDemo" */ = {
			isa = XCConfigurationList;
			buildConfigurations = (
				7AED29EA225CAFFB0032C675 /* Debug */,
				7AED29EB225CAFFB0032C675 /* Release */,
			);
			defaultConfigurationIsVisible = 0;
			defaultConfigurationName = Release;
		};
		7AED29EC225CAFFB0032C675 /* Build configuration list for PBXNativeTarget "CircularDemo" */ = {
			isa = XCConfigurationList;
			buildConfigurations = (
				7AED29ED225CAFFB0032C675 /* Debug */,
				7AED29EE225CAFFB0032C675 /* Release */,
			);
			defaultConfigurationIsVisible = 0;
			defaultConfigurationName = Release;
		};
/* End XCConfigurationList section */
	};
	rootObject = 7AED29CE225CAFF90032C675 /* Project object */;
}
